
Microsoft Visual Studio Solution File, Format Version 12.00
# Visual Studio Version 17
VisualStudioVersion = 17.13.35818.85
MinimumVisualStudioVersion = 10.0.40219.1
Project("{C9674DCB-5085-4A16-B785-4C70DD1589BD}") = "SistemasPlanetarios", "Exoplanteas2\SistemasPlanetarios.dtproj", "{8D973331-008F-DE45-3AFA-FCD45A8D4646}"
EndProject
Global
	GlobalSection(SolutionConfigurationPlatforms) = preSolution
		Development|Default = Development|Default
	EndGlobalSection
	GlobalSection(ProjectConfigurationPlatforms) = postSolution
		{8D973331-008F-DE45-3AFA-FCD45A8D4646}.Development|Default.ActiveCfg = Development
		{8D973331-008F-DE45-3AFA-FCD45A8D4646}.Development|Default.Build.0 = Development
	EndGlobalSection
	GlobalSection(SolutionProperties) = preSolution
		HideSolutionNode = FALSE
	EndGlobalSection
	GlobalSection(ExtensibilityGlobals) = postSolution
		SolutionGuid = {94B1709C-80D8-432A-8DBB-9ED68EFBE271}
	EndGlobalSection
EndGlobal
